github.com/multiverse-os/ansi v0.1.0 h1:7eXsAL9bqYDMYW90lDQCkFQWNqD40OlnPh9s06ARtBg=
github.com/multiverse-os/ansi v0.1.0/go.mod h1:PD6H6rUJ4GvsipdGr0+zxn2pxLA7NCXOLDhPt7mnd/E=
github.com/multiverse-os/banner v0.0.0-20231006133835-80f8c892b073 h1:b6zmFJdSXk7QVlpEARo7cV6C73zK/qkGV12djb7+5SI=
github.com/multiverse-os/banner v0.0.0-20231006133835-80f8c892b073/go.mod h1:iKsSBKiFih4XCe4D3z4W/USY/q1ZKCMSaUFWkU/F6j4=
github.com/multiverse-os/banner v0.1.0 h1:VPBNBM6TNgtZfSAJeAwmSaFiVuGTqJgHBxmEyL3m9Xw=
github.com/multiverse-os/banner v0.1.0/go.mod h1:iKsSBKiFih4XCe4D3z4W/USY/q1ZKCMSaUFWkU/F6j4=
github.com/multiverse-os/cli v0.1.0 h1:DGtjz+ssKR8jJryxwi7tZbK0tbRTsNV5o4fMbkoNzt4=
github.com/multiverse-os/cli v0.1.0/go.mod h1:R+0GXdB/q2GTDrfe5SMLTbZZWFH227ojD6TiF3Do5lg=
github.com/multiverse-os/data v0.1.0 h1:SGlsoHzW6VSr9Paw89cdQvz5YPJpK6MN4Nvh+MwLWeA=
github.com/multiverse-os/data v0.1.0/go.mod h1:sd0B1WFUOEcS30uIJVOOayAKZaEfwmifW3hsnV5GLaw=
github.com/multiverse-os/loading v0.1.0 h1:8wdrto1uvUV4lEGaY4rSWBr5z5c5NFaeKn3lBlpm824=
github.com/multiverse-os/loading v0.1.0/go.mod h1:YoLwMjKum8PDjn69+55Zq75tAaa+G776QvuHLkWlWGE=
golang.org/x/crypto v0.14.0 h1:wBqGXzWJW6m1XrIKlAH0Hs1JJ7+9KBwnIO8v66Q9cHc=
golang.org/x/crypto v0.14.0/go.mod h1:MVFd36DqK4CsrnJYDkBA3VC4m2GkXAM0PvzMCn4JQf4=
golang.org/x/sys v0.13.0 h1:Af8nKPmuFypiUBjVoU9V20FiaFXOcuZI21p0ycVYYGE=
golang.org/x/sys v0.13.0/go.mod h1:oPkhp1MJrh7nUepCBck5+mAzfO9JrbApNNgaTdGDITg=
golang.org/x/text v0.13.0 h1:ablQoSUd0tRdKxZewP80B+BaqeKJuVhuRxj/dkrun3k=
golang.org/x/text v0.13.0/go.mod h1:TvPlkZtksWOMsz7fbANvkp4WM8x/WCo/om8BMLbz+aE=
